// !$*UTF8*$!
{
	archiveVersion = 1;
	classes = {
	};
	objectVersion = 50;
	objects = {

/* Begin PBXBuildFile section */
		743952F323EB733A00893331 /* vpsections.json in Resources */ = {isa = PBXBuildFile; fileRef = 743952F223EB733A00893331 /* vpsections.json */; };
		743952FE23EB819600893331 /* serier.json in Resources */ = {isa = PBXBuildFile; fileRef = 743952F523EB779C00893331 /* serier.json */; };
		743952FF23EB819C00893331 /* film.json in Resources */ = {isa = PBXBuildFile; fileRef = 743952F723EB785F00893331 /* film.json */; };
		7439530023EB819C00893331 /* sport.json in Resources */ = {isa = PBXBuildFile; fileRef = 743952FC23EB7ABF00893331 /* sport.json */; };
		7439530123EB819C00893331 /* sport2.json in Resources */ = {isa = PBXBuildFile; fileRef = 743952FB23EB7A1F00893331 /* sport2.json */; };
		7439530223EB819C00893331 /* sport3.json in Resources */ = {isa = PBXBuildFile; fileRef = 743952F923EB788500893331 /* sport3.json */; };
		7439530323EB819C00893331 /* barn.json in Resources */ = {isa = PBXBuildFile; fileRef = 743952FD23EB7B3600893331 /* barn.json */; };
		7439530823EB83B200893331 /* ServiceCallMock.swift in Sources */ = {isa = PBXBuildFile; fileRef = 74BA6D4623EB6FDD00C77A9A /* ServiceCallMock.swift */; };
		74BA6D0023EB358200C77A9A /* AppDelegate.swift in Sources */ = {isa = PBXBuildFile; fileRef = 74BA6CFF23EB358200C77A9A /* AppDelegate.swift */; };
		74BA6D0223EB358200C77A9A /* SceneDelegate.swift in Sources */ = {isa = PBXBuildFile; fileRef = 74BA6D0123EB358200C77A9A /* SceneDelegate.swift */; };
		74BA6D0423EB358200C77A9A /* VPMainViewController.swift in Sources */ = {isa = PBXBuildFile; fileRef = 74BA6D0323EB358200C77A9A /* VPMainViewController.swift */; };
		74BA6D0923EB358300C77A9A /* Assets.xcassets in Resources */ = {isa = PBXBuildFile; fileRef = 74BA6D0823EB358300C77A9A /* Assets.xcassets */; };
		74BA6D0C23EB358300C77A9A /* LaunchScreen.storyboard in Resources */ = {isa = PBXBuildFile; fileRef = 74BA6D0A23EB358300C77A9A /* LaunchScreen.storyboard */; };
		74BA6D1523EB36E600C77A9A /* ServiceCall.swift in Sources */ = {isa = PBXBuildFile; fileRef = 74BA6D1423EB36E600C77A9A /* ServiceCall.swift */; };
		74BA6D1823EB372700C77A9A /* VPModel.swift in Sources */ = {isa = PBXBuildFile; fileRef = 74BA6D1723EB372700C77A9A /* VPModel.swift */; };
		74BA6D1B23EB3F2900C77A9A /* VPInteractor.swift in Sources */ = {isa = PBXBuildFile; fileRef = 74BA6D1A23EB3F2900C77A9A /* VPInteractor.swift */; };
		74BA6D2323EB43CC00C77A9A /* VPMainPresenter.swift in Sources */ = {isa = PBXBuildFile; fileRef = 74BA6D2223EB43CC00C77A9A /* VPMainPresenter.swift */; };
		74BA6D2523EB43D900C77A9A /* VPMainRouter.swift in Sources */ = {isa = PBXBuildFile; fileRef = 74BA6D2423EB43D900C77A9A /* VPMainRouter.swift */; };
		74BA6D2B23EB44CC00C77A9A /* VPDetailRouter.swift in Sources */ = {isa = PBXBuildFile; fileRef = 74BA6D2A23EB44CC00C77A9A /* VPDetailRouter.swift */; };
		74BA6D2D23EB44E800C77A9A /* VPDetailPresenter.swift in Sources */ = {isa = PBXBuildFile; fileRef = 74BA6D2C23EB44E800C77A9A /* VPDetailPresenter.swift */; };
		74BA6D2F23EB452100C77A9A /* VPDetailViewController.swift in Sources */ = {isa = PBXBuildFile; fileRef = 74BA6D2E23EB452100C77A9A /* VPDetailViewController.swift */; };
		74BA6D3223EB470A00C77A9A /* RootWindowCreator.swift in Sources */ = {isa = PBXBuildFile; fileRef = 74BA6D3123EB470A00C77A9A /* RootWindowCreator.swift */; };
		74BA6D4523EB6F5200C77A9A /* VPInteractorTests.swift in Sources */ = {isa = PBXBuildFile; fileRef = 74BA6D4423EB6F5200C77A9A /* VPInteractorTests.swift */; };
/* End PBXBuildFile section */

/* Begin PBXContainerItemProxy section */
		74BA6D3F23EB6F2A00C77A9A /* PBXContainerItemProxy */ = {
			isa = PBXContainerItemProxy;
			containerPortal = 74BA6CF423EB358200C77A9A /* Project object */;
			proxyType = 1;
			remoteGlobalIDString = 74BA6CFB23EB358200C77A9A;
			remoteInfo = CodeExam;
		};
/* End PBXContainerItemProxy section */

/* Begin PBXFileReference section */
		743952F223EB733A00893331 /* vpsections.json */ = {isa = PBXFileReference; lastKnownFileType = text.json; path = vpsections.json; sourceTree = "<group>"; };
		743952F523EB779C00893331 /* serier.json */ = {isa = PBXFileReference; lastKnownFileType = text.json; path = serier.json; sourceTree = "<group>"; };
		743952F723EB785F00893331 /* film.json */ = {isa = PBXFileReference; lastKnownFileType = text.json; path = film.json; sourceTree = "<group>"; };
		743952F923EB788500893331 /* sport3.json */ = {isa = PBXFileReference; lastKnownFileType = text.json; path = sport3.json; sourceTree = "<group>"; };
		743952FB23EB7A1F00893331 /* sport2.json */ = {isa = PBXFileReference; lastKnownFileType = text.json; path = sport2.json; sourceTree = "<group>"; };
		743952FC23EB7ABF00893331 /* sport.json */ = {isa = PBXFileReference; lastKnownFileType = text.json; path = sport.json; sourceTree = "<group>"; };
		743952FD23EB7B3600893331 /* barn.json */ = {isa = PBXFileReference; lastKnownFileType = text.json; path = barn.json; sourceTree = "<group>"; };
		74BA6CFC23EB358200C77A9A /* CodeExam.app */ = {isa = PBXFileReference; explicitFileType = wrapper.application; includeInIndex = 0; path = CodeExam.app; sourceTree = BUILT_PRODUCTS_DIR; };
		74BA6CFF23EB358200C77A9A /* AppDelegate.swift */ = {isa = PBXFileReference; lastKnownFileType = sourcecode.swift; path = AppDelegate.swift; sourceTree = "<group>"; };
		74BA6D0123EB358200C77A9A /* SceneDelegate.swift */ = {isa = PBXFileReference; lastKnownFileType = sourcecode.swift; path = SceneDelegate.swift; sourceTree = "<group>"; };
		74BA6D0323EB358200C77A9A /* VPMainViewController.swift */ = {isa = PBXFileReference; lastKnownFileType = sourcecode.swift; path = VPMainViewController.swift; sourceTree = "<group>"; };
		74BA6D0823EB358300C77A9A /* Assets.xcassets */ = {isa = PBXFileReference; lastKnownFileType = folder.assetcatalog; path = Assets.xcassets; sourceTree = "<group>"; };
		74BA6D0B23EB358300C77A9A /* Base */ = {isa = PBXFileReference; lastKnownFileType = file.storyboard; name = Base; path = Base.lproj/LaunchScreen.storyboard; sourceTree = "<group>"; };
		74BA6D0D23EB358300C77A9A /* Info.plist */ = {isa = PBXFileReference; lastKnownFileType = text.plist.xml; path = Info.plist; sourceTree = "<group>"; };
		74BA6D1423EB36E600C77A9A /* ServiceCall.swift */ = {isa = PBXFileReference; lastKnownFileType = sourcecode.swift; path = ServiceCall.swift; sourceTree = "<group>"; };
		74BA6D1723EB372700C77A9A /* VPModel.swift */ = {isa = PBXFileReference; lastKnownFileType = sourcecode.swift; path = VPModel.swift; sourceTree = "<group>"; };
		74BA6D1A23EB3F2900C77A9A /* VPInteractor.swift */ = {isa = PBXFileReference; lastKnownFileType = sourcecode.swift; path = VPInteractor.swift; sourceTree = "<group>"; };
		74BA6D2223EB43CC00C77A9A /* VPMainPresenter.swift */ = {isa = PBXFileReference; lastKnownFileType = sourcecode.swift; path = VPMainPresenter.swift; sourceTree = "<group>"; };
		74BA6D2423EB43D900C77A9A /* VPMainRouter.swift */ = {isa = PBXFileReference; lastKnownFileType = sourcecode.swift; path = VPMainRouter.swift; sourceTree = "<group>"; };
		74BA6D2A23EB44CC00C77A9A /* VPDetailRouter.swift */ = {isa = PBXFileReference; lastKnownFileType = sourcecode.swift; path = VPDetailRouter.swift; sourceTree = "<group>"; };
		74BA6D2C23EB44E800C77A9A /* VPDetailPresenter.swift */ = {isa = PBXFileReference; lastKnownFileType = sourcecode.swift; path = VPDetailPresenter.swift; sourceTree = "<group>"; };
		74BA6D2E23EB452100C77A9A /* VPDetailViewController.swift */ = {isa = PBXFileReference; lastKnownFileType = sourcecode.swift; path = VPDetailViewController.swift; sourceTree = "<group>"; };
		74BA6D3123EB470A00C77A9A /* RootWindowCreator.swift */ = {isa = PBXFileReference; lastKnownFileType = sourcecode.swift; path = RootWindowCreator.swift; sourceTree = "<group>"; };
		74BA6D3A23EB6F2A00C77A9A /* CodeExamTests.xctest */ = {isa = PBXFileReference; explicitFileType = wrapper.cfbundle; includeInIndex = 0; path = CodeExamTests.xctest; sourceTree = BUILT_PRODUCTS_DIR; };
		74BA6D3E23EB6F2A00C77A9A /* Info.plist */ = {isa = PBXFileReference; lastKnownFileType = text.plist.xml; path = Info.plist; sourceTree = "<group>"; };
		74BA6D4423EB6F5200C77A9A /* VPInteractorTests.swift */ = {isa = PBXFileReference; lastKnownFileType = sourcecode.swift; path = VPInteractorTests.swift; sourceTree = "<group>"; };
		74BA6D4623EB6FDD00C77A9A /* ServiceCallMock.swift */ = {isa = PBXFileReference; lastKnownFileType = sourcecode.swift; path = ServiceCallMock.swift; sourceTree = "<group>"; };
/* End PBXFileReference section */

/* Begin PBXFrameworksBuildPhase section */
		74BA6CF923EB358200C77A9A /* Frameworks */ = {
			isa = PBXFrameworksBuildPhase;
			buildActionMask = 2147483647;
			files = (
			);
			runOnlyForDeploymentPostprocessing = 0;
		};
		74BA6D3723EB6F2A00C77A9A /* Frameworks */ = {
			isa = PBXFrameworksBuildPhase;
			buildActionMask = 2147483647;
			files = (
			);
			runOnlyForDeploymentPostprocessing = 0;
		};
/* End PBXFrameworksBuildPhase section */

/* Begin PBXGroup section */
		743952F423EB777400893331 /* Jsons */ = {
			isa = PBXGroup;
			children = (
				743952F223EB733A00893331 /* vpsections.json */,
				743952F523EB779C00893331 /* serier.json */,
				743952F723EB785F00893331 /* film.json */,
				743952FC23EB7ABF00893331 /* sport.json */,
				743952FB23EB7A1F00893331 /* sport2.json */,
				743952F923EB788500893331 /* sport3.json */,
				743952FD23EB7B3600893331 /* barn.json */,
			);
			path = Jsons;
			sourceTree = "<group>";
		};
		74BA6CF323EB358200C77A9A = {
			isa = PBXGroup;
			children = (
				74BA6CFE23EB358200C77A9A /* CodeExam */,
				74BA6D3B23EB6F2A00C77A9A /* CodeExamTests */,
				74BA6CFD23EB358200C77A9A /* Products */,
			);
			sourceTree = "<group>";
		};
		74BA6CFD23EB358200C77A9A /* Products */ = {
			isa = PBXGroup;
			children = (
				74BA6CFC23EB358200C77A9A /* CodeExam.app */,
				74BA6D3A23EB6F2A00C77A9A /* CodeExamTests.xctest */,
			);
			name = Products;
			sourceTree = "<group>";
		};
		74BA6CFE23EB358200C77A9A /* CodeExam */ = {
			isa = PBXGroup;
			children = (
				74BA6D3023EB465B00C77A9A /* Application */,
				74BA6D2623EB44A300C77A9A /* Detail */,
				74BA6D1E23EB438900C77A9A /* Main */,
				74BA6D1923EB3A9900C77A9A /* Interactor */,
				74BA6D1623EB371100C77A9A /* Model */,
				74BA6D1323EB36D500C77A9A /* Network */,
				74BA6D0823EB358300C77A9A /* Assets.xcassets */,
			);
			path = CodeExam;
			sourceTree = "<group>";
		};
		74BA6D1323EB36D500C77A9A /* Network */ = {
			isa = PBXGroup;
			children = (
				74BA6D1423EB36E600C77A9A /* ServiceCall.swift */,
			);
			path = Network;
			sourceTree = "<group>";
		};
		74BA6D1623EB371100C77A9A /* Model */ = {
			isa = PBXGroup;
			children = (
				74BA6D1723EB372700C77A9A /* VPModel.swift */,
			);
			path = Model;
			sourceTree = "<group>";
		};
		74BA6D1923EB3A9900C77A9A /* Interactor */ = {
			isa = PBXGroup;
			children = (
				74BA6D1A23EB3F2900C77A9A /* VPInteractor.swift */,
			);
			path = Interactor;
			sourceTree = "<group>";
		};
		74BA6D1E23EB438900C77A9A /* Main */ = {
			isa = PBXGroup;
			children = (
				74BA6D2123EB43BB00C77A9A /* Router */,
				74BA6D2023EB43AD00C77A9A /* Presenter */,
				74BA6D1F23EB439D00C77A9A /* View */,
			);
			path = Main;
			sourceTree = "<group>";
		};
		74BA6D1F23EB439D00C77A9A /* View */ = {
			isa = PBXGroup;
			children = (
				74BA6D0323EB358200C77A9A /* VPMainViewController.swift */,
			);
			path = View;
			sourceTree = "<group>";
		};
		74BA6D2023EB43AD00C77A9A /* Presenter */ = {
			isa = PBXGroup;
			children = (
				74BA6D2223EB43CC00C77A9A /* VPMainPresenter.swift */,
			);
			path = Presenter;
			sourceTree = "<group>";
		};
		74BA6D2123EB43BB00C77A9A /* Router */ = {
			isa = PBXGroup;
			children = (
				74BA6D2423EB43D900C77A9A /* VPMainRouter.swift */,
			);
			path = Router;
			sourceTree = "<group>";
		};
		74BA6D2623EB44A300C77A9A /* Detail */ = {
			isa = PBXGroup;
			children = (
				74BA6D2923EB44B600C77A9A /* Router */,
				74BA6D2823EB44B100C77A9A /* Presenter */,
				74BA6D2723EB44AA00C77A9A /* View */,
			);
			path = Detail;
			sourceTree = "<group>";
		};
		74BA6D2723EB44AA00C77A9A /* View */ = {
			isa = PBXGroup;
			children = (
				74BA6D2E23EB452100C77A9A /* VPDetailViewController.swift */,
			);
			path = View;
			sourceTree = "<group>";
		};
		74BA6D2823EB44B100C77A9A /* Presenter */ = {
			isa = PBXGroup;
			children = (
				74BA6D2C23EB44E800C77A9A /* VPDetailPresenter.swift */,
			);
			path = Presenter;
			sourceTree = "<group>";
		};
		74BA6D2923EB44B600C77A9A /* Router */ = {
			isa = PBXGroup;
			children = (
				74BA6D2A23EB44CC00C77A9A /* VPDetailRouter.swift */,
			);
			path = Router;
			sourceTree = "<group>";
		};
		74BA6D3023EB465B00C77A9A /* Application */ = {
			isa = PBXGroup;
			children = (
				74BA6D3123EB470A00C77A9A /* RootWindowCreator.swift */,
				74BA6CFF23EB358200C77A9A /* AppDelegate.swift */,
				74BA6D0123EB358200C77A9A /* SceneDelegate.swift */,
				74BA6D0A23EB358300C77A9A /* LaunchScreen.storyboard */,
				74BA6D0D23EB358300C77A9A /* Info.plist */,
			);
			path = Application;
			sourceTree = "<group>";
		};
		74BA6D3B23EB6F2A00C77A9A /* CodeExamTests */ = {
			isa = PBXGroup;
			children = (
				743952F423EB777400893331 /* Jsons */,
				74BA6D4623EB6FDD00C77A9A /* ServiceCallMock.swift */,
				74BA6D4423EB6F5200C77A9A /* VPInteractorTests.swift */,
				74BA6D3E23EB6F2A00C77A9A /* Info.plist */,
			);
			path = CodeExamTests;
			sourceTree = "<group>";
		};
/* End PBXGroup section */

/* Begin PBXNativeTarget section */
		74BA6CFB23EB358200C77A9A /* CodeExam */ = {
			isa = PBXNativeTarget;
			buildConfigurationList = 74BA6D1023EB358300C77A9A /* Build configuration list for PBXNativeTarget "CodeExam" */;
			buildPhases = (
				74BA6CF823EB358200C77A9A /* Sources */,
				74BA6CF923EB358200C77A9A /* Frameworks */,
				74BA6CFA23EB358200C77A9A /* Resources */,
			);
			buildRules = (
			);
			dependencies = (
			);
			name = CodeExam;
			productName = CodeExam;
			productReference = 74BA6CFC23EB358200C77A9A /* CodeExam.app */;
			productType = "com.apple.product-type.application";
		};
		74BA6D3923EB6F2A00C77A9A /* CodeExamTests */ = {
			isa = PBXNativeTarget;
			buildConfigurationList = 74BA6D4123EB6F2A00C77A9A /* Build configuration list for PBXNativeTarget "CodeExamTests" */;
			buildPhases = (
				74BA6D3623EB6F2A00C77A9A /* Sources */,
				74BA6D3723EB6F2A00C77A9A /* Frameworks */,
				74BA6D3823EB6F2A00C77A9A /* Resources */,
			);
			buildRules = (
			);
			dependencies = (
				74BA6D4023EB6F2A00C77A9A /* PBXTargetDependency */,
			);
			name = CodeExamTests;
			productName = CodeExamTests;
			productReference = 74BA6D3A23EB6F2A00C77A9A /* CodeExamTests.xctest */;
			productType = "com.apple.product-type.bundle.unit-test";
		};
/* End PBXNativeTarget section */

/* Begin PBXProject section */
		74BA6CF423EB358200C77A9A /* Project object */ = {
			isa = PBXProject;
			attributes = {
				LastSwiftUpdateCheck = 1130;
				LastUpgradeCheck = 1130;
				ORGANIZATIONNAME = "reza milani";
				TargetAttributes = {
					74BA6CFB23EB358200C77A9A = {
						CreatedOnToolsVersion = 11.3;
					};
					74BA6D3923EB6F2A00C77A9A = {
						CreatedOnToolsVersion = 11.3;
						TestTargetID = 74BA6CFB23EB358200C77A9A;
					};
				};
			};
			buildConfigurationList = 74BA6CF723EB358200C77A9A /* Build configuration list for PBXProject "CodeExam" */;
			compatibilityVersion = "Xcode 9.3";
			developmentRegion = en;
			hasScannedForEncodings = 0;
			knownRegions = (
				en,
				Base,
			);
			mainGroup = 74BA6CF323EB358200C77A9A;
			productRefGroup = 74BA6CFD23EB358200C77A9A /* Products */;
			projectDirPath = "";
			projectRoot = "";
			targets = (
				74BA6CFB23EB358200C77A9A /* CodeExam */,
				74BA6D3923EB6F2A00C77A9A /* CodeExamTests */,
			);
		};
/* End PBXProject section */

/* Begin PBXResourcesBuildPhase section */
		74BA6CFA23EB358200C77A9A /* Resources */ = {
			isa = PBXResourcesBuildPhase;
			buildActionMask = 2147483647;
			files = (
				7439530323EB819C00893331 /* barn.json in Resources */,
				7439530023EB819C00893331 /* sport.json in Resources */,
				74BA6D0C23EB358300C77A9A /* LaunchScreen.storyboard in Resources */,
				743952FE23EB819600893331 /* serier.json in Resources */,
				7439530123EB819C00893331 /* sport2.json in Resources */,
				743952FF23EB819C00893331 /* film.json in Resources */,
				743952F323EB733A00893331 /* vpsections.json in Resources */,
				7439530223EB819C00893331 /* sport3.json in Resources */,
				74BA6D0923EB358300C77A9A /* Assets.xcassets in Resources */,
			);
			runOnlyForDeploymentPostprocessing = 0;
		};
		74BA6D3823EB6F2A00C77A9A /* Resources */ = {
			isa = PBXResourcesBuildPhase;
			buildActionMask = 2147483647;
			files = (
			);
			runOnlyForDeploymentPostprocessing = 0;
		};
/* End PBXResourcesBuildPhase section */

/* Begin PBXSourcesBuildPhase section */
		74BA6CF823EB358200C77A9A /* Sources */ = {
			isa = PBXSourcesBuildPhase;
			buildActionMask = 2147483647;
			files = (
				74BA6D1823EB372700C77A9A /* VPModel.swift in Sources */,
				74BA6D2B23EB44CC00C77A9A /* VPDetailRouter.swift in Sources */,
				74BA6D0423EB358200C77A9A /* VPMainViewController.swift in Sources */,
				74BA6D2523EB43D900C77A9A /* VPMainRouter.swift in Sources */,
				74BA6D2323EB43CC00C77A9A /* VPMainPresenter.swift in Sources */,
				74BA6D2D23EB44E800C77A9A /* VPDetailPresenter.swift in Sources */,
				74BA6D1B23EB3F2900C77A9A /* VPInteractor.swift in Sources */,
				74BA6D3223EB470A00C77A9A /* RootWindowCreator.swift in Sources */,
				74BA6D1523EB36E600C77A9A /* ServiceCall.swift in Sources */,
				74BA6D0023EB358200C77A9A /* AppDelegate.swift in Sources */,
				74BA6D0223EB358200C77A9A /* SceneDelegate.swift in Sources */,
				74BA6D2F23EB452100C77A9A /* VPDetailViewController.swift in Sources */,
			);
			runOnlyForDeploymentPostprocessing = 0;
		};
		74BA6D3623EB6F2A00C77A9A /* Sources */ = {
			isa = PBXSourcesBuildPhase;
			buildActionMask = 2147483647;
			files = (
				7439530823EB83B200893331 /* ServiceCallMock.swift in Sources */,
				74BA6D4523EB6F5200C77A9A /* VPInteractorTests.swift in Sources */,
			);
			runOnlyForDeploymentPostprocessing = 0;
		};
/* End PBXSourcesBuildPhase section */

/* Begin PBXTargetDependency section */
		74BA6D4023EB6F2A00C77A9A /* PBXTargetDependency */ = {
			isa = PBXTargetDependency;
			target = 74BA6CFB23EB358200C77A9A /* CodeExam */;
			targetProxy = 74BA6D3F23EB6F2A00C77A9A /* PBXContainerItemProxy */;
		};
/* End PBXTargetDependency section */

/* Begin PBXVariantGroup section */
		74BA6D0A23EB358300C77A9A /* LaunchScreen.storyboard */ = {
			isa = PBXVariantGroup;
			children = (
				74BA6D0B23EB358300C77A9A /* Base */,
			);
			name = LaunchScreen.storyboard;
			sourceTree = "<group>";
		};
/* End PBXVariantGroup section */

/* Begin XCBuildConfiguration section */
		74BA6D0E23EB358300C77A9A /* Debug */ = {
			isa = XCBuildConfiguration;
			buildSettings = {
				ALWAYS_SEARCH_USER_PATHS = NO;
				CLANG_ANALYZER_NONNULL = YES;
				CLANG_ANALYZER_NUMBER_OBJECT_CONVERSION = YES_AGGRESSIVE;
				CLANG_CXX_LANGUAGE_STANDARD = "gnu++14";
				CLANG_CXX_LIBRARY = "libc++";
				CLANG_ENABLE_MODULES = YES;
				CLANG_ENABLE_OBJC_ARC = YES;
				CLANG_ENABLE_OBJC_WEAK = YES;
				CLANG_WARN_BLOCK_CAPTURE_AUTORELEASING = YES;
				CLANG_WARN_BOOL_CONVERSION = YES;
				CLANG_WARN_COMMA = YES;
				CLANG_WARN_CONSTANT_CONVERSION = YES;
				CLANG_WARN_DEPRECATED_OBJC_IMPLEMENTATIONS = YES;
				CLANG_WARN_DIRECT_OBJC_ISA_USAGE = YES_ERROR;
				CLANG_WARN_DOCUMENTATION_COMMENTS = YES;
				CLANG_WARN_EMPTY_BODY = YES;
				CLANG_WARN_ENUM_CONVERSION = YES;
				CLANG_WARN_INFINITE_RECURSION = YES;
				CLANG_WARN_INT_CONVERSION = YES;
				CLANG_WARN_NON_LITERAL_NULL_CONVERSION = YES;
				CLANG_WARN_OBJC_IMPLICIT_RETAIN_SELF = YES;
				CLANG_WARN_OBJC_LITERAL_CONVERSION = YES;
				CLANG_WARN_OBJC_ROOT_CLASS = YES_ERROR;
				CLANG_WARN_RANGE_LOOP_ANALYSIS = YES;
				CLANG_WARN_STRICT_PROTOTYPES = YES;
				CLANG_WARN_SUSPICIOUS_MOVE = YES;
				CLANG_WARN_UNGUARDED_AVAILABILITY = YES_AGGRESSIVE;
				CLANG_WARN_UNREACHABLE_CODE = YES;
				CLANG_WARN__DUPLICATE_METHOD_MATCH = YES;
				COPY_PHASE_STRIP = NO;
				DEBUG_INFORMATION_FORMAT = dwarf;
				ENABLE_STRICT_OBJC_MSGSEND = YES;
				ENABLE_TESTABILITY = YES;
				GCC_C_LANGUAGE_STANDARD = gnu11;
				GCC_DYNAMIC_NO_PIC = NO;
				GCC_NO_COMMON_BLOCKS = YES;
				GCC_OPTIMIZATION_LEVEL = 0;
				GCC_PREPROCESSOR_DEFINITIONS = (
					"DEBUG=1",
					"$(inherited)",
				);
				GCC_WARN_64_TO_32_BIT_CONVERSION = YES;
				GCC_WARN_ABOUT_RETURN_TYPE = YES_ERROR;
				GCC_WARN_UNDECLARED_SELECTOR = YES;
				GCC_WARN_UNINITIALIZED_AUTOS = YES_AGGRESSIVE;
				GCC_WARN_UNUSED_FUNCTION = YES;
				GCC_WARN_UNUSED_VARIABLE = YES;
				IPHONEOS_DEPLOYMENT_TARGET = 13.2;
				MTL_ENABLE_DEBUG_INFO = INCLUDE_SOURCE;
				MTL_FAST_MATH = YES;
				ONLY_ACTIVE_ARCH = YES;
				SDKROOT = iphoneos;
				SWIFT_ACTIVE_COMPILATION_CONDITIONS = DEBUG;
				SWIFT_OPTIMIZATION_LEVEL = "-Onone";
			};
			name = Debug;
		};
		74BA6D0F23EB358300C77A9A /* Release */ = {
			isa = XCBuildConfiguration;
			buildSettings = {
				ALWAYS_SEARCH_USER_PATHS = NO;
				CLANG_ANALYZER_NONNULL = YES;
				CLANG_ANALYZER_NUMBER_OBJECT_CONVERSION = YES_AGGRESSIVE;
				CLANG_CXX_LANGUAGE_STANDARD = "gnu++14";
				CLANG_CXX_LIBRARY = "libc++";
				CLANG_ENABLE_MODULES = YES;
				CLANG_ENABLE_OBJC_ARC = YES;
				CLANG_ENABLE_OBJC_WEAK = YES;
				CLANG_WARN_BLOCK_CAPTURE_AUTORELEASING = YES;
				CLANG_WARN_BOOL_CONVERSION = YES;
				CLANG_WARN_COMMA = YES;
				CLANG_WARN_CONSTANT_CONVERSION = YES;
				CLANG_WARN_DEPRECATED_OBJC_IMPLEMENTATIONS = YES;
				CLANG_WARN_DIRECT_OBJC_ISA_USAGE = YES_ERROR;
				CLANG_WARN_DOCUMENTATION_COMMENTS = YES;
				CLANG_WARN_EMPTY_BODY = YES;
				CLANG_WARN_ENUM_CONVERSION = YES;
				CLANG_WARN_INFINITE_RECURSION = YES;
				CLANG_WARN_INT_CONVERSION = YES;
				CLANG_WARN_NON_LITERAL_NULL_CONVERSION = YES;
				CLANG_WARN_OBJC_IMPLICIT_RETAIN_SELF = YES;
				CLANG_WARN_OBJC_LITERAL_CONVERSION = YES;
				CLANG_WARN_OBJC_ROOT_CLASS = YES_ERROR;
				CLANG_WARN_RANGE_LOOP_ANALYSIS = YES;
				CLANG_WARN_STRICT_PROTOTYPES = YES;
				CLANG_WARN_SUSPICIOUS_MOVE = YES;
				CLANG_WARN_UNGUARDED_AVAILABILITY = YES_AGGRESSIVE;
				CLANG_WARN_UNREACHABLE_CODE = YES;
				CLANG_WARN__DUPLICATE_METHOD_MATCH = YES;
				COPY_PHASE_STRIP = NO;
				DEBUG_INFORMATION_FORMAT = "dwarf-with-dsym";
				ENABLE_NS_ASSERTIONS = NO;
				ENABLE_STRICT_OBJC_MSGSEND = YES;
				GCC_C_LANGUAGE_STANDARD = gnu11;
				GCC_NO_COMMON_BLOCKS = YES;
				GCC_WARN_64_TO_32_BIT_CONVERSION = YES;
				GCC_WARN_ABOUT_RETURN_TYPE = YES_ERROR;
				GCC_WARN_UNDECLARED_SELECTOR = YES;
				GCC_WARN_UNINITIALIZED_AUTOS = YES_AGGRESSIVE;
				GCC_WARN_UNUSED_FUNCTION = YES;
				GCC_WARN_UNUSED_VARIABLE = YES;
				IPHONEOS_DEPLOYMENT_TARGET = 13.2;
				MTL_ENABLE_DEBUG_INFO = NO;
				MTL_FAST_MATH = YES;
				SDKROOT = iphoneos;
				SWIFT_COMPILATION_MODE = wholemodule;
				SWIFT_OPTIMIZATION_LEVEL = "-O";
				VALIDATE_PRODUCT = YES;
			};
			name = Release;
		};
		74BA6D1123EB358300C77A9A /* Debug */ = {
			isa = XCBuildConfiguration;
			buildSettings = {
				ASSETCATALOG_COMPILER_APPICON_NAME = AppIcon;
				CODE_SIGN_STYLE = Automatic;
				DEVELOPMENT_TEAM = MWHE525TL2;
				INFOPLIST_FILE = CodeExam/Application/Info.plist;
				LD_RUNPATH_SEARCH_PATHS = (
					"$(inherited)",
					"@executable_path/Frameworks",
				);
				PRODUCT_BUNDLE_IDENTIFIER = com.rmt.test.CodeExam;
				PRODUCT_NAME = "$(TARGET_NAME)";
				SWIFT_VERSION = 5.0;
				TARGETED_DEVICE_FAMILY = "1,2";
			};
			name = Debug;
		};
		74BA6D1223EB358300C77A9A /* Release */ = {
			isa = XCBuildConfiguration;
			buildSettings = {
				ASSETCATALOG_COMPILER_APPICON_NAME = AppIcon;
				CODE_SIGN_STYLE = Automatic;
				DEVELOPMENT_TEAM = MWHE525TL2;
				INFOPLIST_FILE = CodeExam/Application/Info.plist;
				LD_RUNPATH_SEARCH_PATHS = (
					"$(inherited)",
					"@executable_path/Frameworks",
				);
				PRODUCT_BUNDLE_IDENTIFIER = com.rmt.test.CodeExam;
				PRODUCT_NAME = "$(TARGET_NAME)";
				SWIFT_VERSION = 5.0;
				TARGETED_DEVICE_FAMILY = "1,2";
			};
			name = Release;
		};
		74BA6D4223EB6F2A00C77A9A /* Debug */ = {
			isa = XCBuildConfiguration;
			buildSettings = {
				BUNDLE_LOADER = "$(TEST_HOST)";
				CODE_SIGN_STYLE = Automatic;
				DEVELOPMENT_TEAM = MWHE525TL2;
				INFOPLIST_FILE = CodeExamTests/Info.plist;
				LD_RUNPATH_SEARCH_PATHS = (
					"$(inherited)",
					"@executable_path/Frameworks",
					"@loader_path/Frameworks",
				);
				PRODUCT_BUNDLE_IDENTIFIER = com.rmt.test.CodeExamTests;
				PRODUCT_NAME = "$(TARGET_NAME)";
				SWIFT_VERSION = 5.0;
				TARGETED_DEVICE_FAMILY = "1,2";
				TEST_HOST = "$(BUILT_PRODUCTS_DIR)/CodeExam.app/CodeExam";
			};
			name = Debug;
		};
		74BA6D4323EB6F2A00C77A9A /* Release */ = {
			isa = XCBuildConfiguration;
			buildSettings = {
				BUNDLE_LOADER = "$(TEST_HOST)";
				CODE_SIGN_STYLE = Automatic;
				DEVELOPMENT_TEAM = MWHE525TL2;
				INFOPLIST_FILE = CodeExamTests/Info.plist;
				LD_RUNPATH_SEARCH_PATHS = (
					"$(inherited)",
					"@executable_path/Frameworks",
					"@loader_path/Frameworks",
				);
				PRODUCT_BUNDLE_IDENTIFIER = com.rmt.test.CodeExamTests;
				PRODUCT_NAME = "$(TARGET_NAME)";
				SWIFT_VERSION = 5.0;
				TARGETED_DEVICE_FAMILY = "1,2";
				TEST_HOST = "$(BUILT_PRODUCTS_DIR)/CodeExam.app/CodeExam";
			};
			name = Release;
		};
/* End XCBuildConfiguration section */

/* Begin XCConfigurationList section */
		74BA6CF723EB358200C77A9A /* Build configuration list for PBXProject "CodeExam" */ = {
			isa = XCConfigurationList;
			buildConfigurations = (
				74BA6D0E23EB358300C77A9A /* Debug */,
				74BA6D0F23EB358300C77A9A /* Release */,
			);
			defaultConfigurationIsVisible = 0;
			defaultConfigurationName = Release;
		};
		74BA6D1023EB358300C77A9A /* Build configuration list for PBXNativeTarget "CodeExam" */ = {
			isa = XCConfigurationList;
			buildConfigurations = (
				74BA6D1123EB358300C77A9A /* Debug */,
				74BA6D1223EB358300C77A9A /* Release */,
			);
			defaultConfigurationIsVisible = 0;
			defaultConfigurationName = Release;
		};
		74BA6D4123EB6F2A00C77A9A /* Build configuration list for PBXNativeTarget "CodeExamTests" */ = {
			isa = XCConfigurationList;
			buildConfigurations = (
				74BA6D4223EB6F2A00C77A9A /* Debug */,
				74BA6D4323EB6F2A00C77A9A /* Release */,
			);
			defaultConfigurationIsVisible = 0;
			defaultConfigurationName = Release;
		};
/* End XCConfigurationList section */
	};
	rootObject = 74BA6CF423EB358200C77A9A /* Project object */;
}
